// !$*UTF8*$!
{
	archiveVersion = 1;
	classes = {
	};
	objectVersion = 50;
	objects = {

/* Begin PBXBuildFile section */
		00A026624407870C4DE2D2F8 /* Pods_RxDMXMLYUITests.framework in Frameworks */ = {isa = PBXBuildFile; fileRef = 688239A76DC961C3B63755C4 /* Pods_RxDMXMLYUITests.framework */; };
		02C296433719531E3F2B605D /* Pods_RxDMXMLYTests.framework in Frameworks */ = {isa = PBXBuildFile; fileRef = 2666653010720F1EF3B3F164 /* Pods_RxDMXMLYTests.framework */; };
		0AC1DF28EAF4D1EE5569E403 /* Pods_RxDMXMLY.framework in Frameworks */ = {isa = PBXBuildFile; fileRef = 9AEC689B1935CA1D5CA78B77 /* Pods_RxDMXMLY.framework */; };
		E5638432207CB8D400ED5400 /* AppDelegate.swift in Sources */ = {isa = PBXBuildFile; fileRef = E5638431207CB8D400ED5400 /* AppDelegate.swift */; };
		E5638439207CB8DD00ED5400 /* Assets.xcassets in Resources */ = {isa = PBXBuildFile; fileRef = E5638438207CB8DD00ED5400 /* Assets.xcassets */; };
		E563843C207CB8DD00ED5400 /* LaunchScreen.storyboard in Resources */ = {isa = PBXBuildFile; fileRef = E563843A207CB8DD00ED5400 /* LaunchScreen.storyboard */; };
		E5638447207CB8DD00ED5400 /* RxDMXMLYTests.swift in Sources */ = {isa = PBXBuildFile; fileRef = E5638446207CB8DD00ED5400 /* RxDMXMLYTests.swift */; };
		E5638452207CB8DD00ED5400 /* RxDMXMLYUITests.swift in Sources */ = {isa = PBXBuildFile; fileRef = E5638451207CB8DD00ED5400 /* RxDMXMLYUITests.swift */; };
		E563847C207CC54D00ED5400 /* SZMainTabBarController.swift in Sources */ = {isa = PBXBuildFile; fileRef = E563847B207CC54D00ED5400 /* SZMainTabBarController.swift */; };
		E563847E207CC60800ED5400 /* SZTabBarPlayView.swift in Sources */ = {isa = PBXBuildFile; fileRef = E563847D207CC60800ED5400 /* SZTabBarPlayView.swift */; };
		E5638481207CD13500ED5400 /* Common.swift in Sources */ = {isa = PBXBuildFile; fileRef = E5638480207CD13500ED5400 /* Common.swift */; };
		E5638484207CD62E00ED5400 /* UIColor+HexColor.swift in Sources */ = {isa = PBXBuildFile; fileRef = E5638483207CD62E00ED5400 /* UIColor+HexColor.swift */; };
		E5638486207CDFD000ED5400 /* SZNavigationController.swift in Sources */ = {isa = PBXBuildFile; fileRef = E5638485207CDFD000ED5400 /* SZNavigationController.swift */; };
		E563848D207CE13400ED5400 /* UIImage+Color.swift in Sources */ = {isa = PBXBuildFile; fileRef = E563848C207CE13400ED5400 /* UIImage+Color.swift */; };
		E5638491207CE42F00ED5400 /* SZBaseViewController.swift in Sources */ = {isa = PBXBuildFile; fileRef = E5638490207CE42F00ED5400 /* SZBaseViewController.swift */; };
/* End PBXBuildFile section */

/* Begin PBXContainerItemProxy section */
		E5638443207CB8DD00ED5400 /* PBXContainerItemProxy */ = {
			isa = PBXContainerItemProxy;
			containerPortal = E5638426207CB8D400ED5400 /* Project object */;
			proxyType = 1;
			remoteGlobalIDString = E563842D207CB8D400ED5400;
			remoteInfo = RxDMXMLY;
		};
		E563844E207CB8DD00ED5400 /* PBXContainerItemProxy */ = {
			isa = PBXContainerItemProxy;
			containerPortal = E5638426207CB8D400ED5400 /* Project object */;
			proxyType = 1;
			remoteGlobalIDString = E563842D207CB8D400ED5400;
			remoteInfo = RxDMXMLY;
		};
/* End PBXContainerItemProxy section */

/* Begin PBXFileReference section */
		0781F42DD6FA3E9100F98DB7 /* Pods-RxDMXMLY.debug.xcconfig */ = {isa = PBXFileReference; includeInIndex = 1; lastKnownFileType = text.xcconfig; name = "Pods-RxDMXMLY.debug.xcconfig"; path = "Pods/Target Support Files/Pods-RxDMXMLY/Pods-RxDMXMLY.debug.xcconfig"; sourceTree = "<group>"; };
		1A6B628C4C30E39F6CDA6E48 /* Pods-RxDMXMLYUITests.debug.xcconfig */ = {isa = PBXFileReference; includeInIndex = 1; lastKnownFileType = text.xcconfig; name = "Pods-RxDMXMLYUITests.debug.xcconfig"; path = "Pods/Target Support Files/Pods-RxDMXMLYUITests/Pods-RxDMXMLYUITests.debug.xcconfig"; sourceTree = "<group>"; };
		2666653010720F1EF3B3F164 /* Pods_RxDMXMLYTests.framework */ = {isa = PBXFileReference; explicitFileType = wrapper.framework; includeInIndex = 0; path = Pods_RxDMXMLYTests.framework; sourceTree = BUILT_PRODUCTS_DIR; };
		398F8FFEDECCD3F70D7F4045 /* Pods-RxDMXMLY.release.xcconfig */ = {isa = PBXFileReference; includeInIndex = 1; lastKnownFileType = text.xcconfig; name = "Pods-RxDMXMLY.release.xcconfig"; path = "Pods/Target Support Files/Pods-RxDMXMLY/Pods-RxDMXMLY.release.xcconfig"; sourceTree = "<group>"; };
		688239A76DC961C3B63755C4 /* Pods_RxDMXMLYUITests.framework */ = {isa = PBXFileReference; explicitFileType = wrapper.framework; includeInIndex = 0; path = Pods_RxDMXMLYUITests.framework; sourceTree = BUILT_PRODUCTS_DIR; };
		9AEC689B1935CA1D5CA78B77 /* Pods_RxDMXMLY.framework */ = {isa = PBXFileReference; explicitFileType = wrapper.framework; includeInIndex = 0; path = Pods_RxDMXMLY.framework; sourceTree = BUILT_PRODUCTS_DIR; };
		A5FBE0AB26CFE45C6DA8C680 /* Pods-RxDMXMLYTests.release.xcconfig */ = {isa = PBXFileReference; includeInIndex = 1; lastKnownFileType = text.xcconfig; name = "Pods-RxDMXMLYTests.release.xcconfig"; path = "Pods/Target Support Files/Pods-RxDMXMLYTests/Pods-RxDMXMLYTests.release.xcconfig"; sourceTree = "<group>"; };
		CD1D9F31D4BC301C3A1BD3F8 /* Pods-RxDMXMLYTests.debug.xcconfig */ = {isa = PBXFileReference; includeInIndex = 1; lastKnownFileType = text.xcconfig; name = "Pods-RxDMXMLYTests.debug.xcconfig"; path = "Pods/Target Support Files/Pods-RxDMXMLYTests/Pods-RxDMXMLYTests.debug.xcconfig"; sourceTree = "<group>"; };
		DB6DA87D1B9BAD741C9EB43B /* Pods-RxDMXMLYUITests.release.xcconfig */ = {isa = PBXFileReference; includeInIndex = 1; lastKnownFileType = text.xcconfig; name = "Pods-RxDMXMLYUITests.release.xcconfig"; path = "Pods/Target Support Files/Pods-RxDMXMLYUITests/Pods-RxDMXMLYUITests.release.xcconfig"; sourceTree = "<group>"; };
		E563842E207CB8D400ED5400 /* RxDMXMLY.app */ = {isa = PBXFileReference; explicitFileType = wrapper.application; includeInIndex = 0; path = RxDMXMLY.app; sourceTree = BUILT_PRODUCTS_DIR; };
		E5638431207CB8D400ED5400 /* AppDelegate.swift */ = {isa = PBXFileReference; lastKnownFileType = sourcecode.swift; path = AppDelegate.swift; sourceTree = "<group>"; };
		E5638438207CB8DD00ED5400 /* Assets.xcassets */ = {isa = PBXFileReference; lastKnownFileType = folder.assetcatalog; path = Assets.xcassets; sourceTree = "<group>"; };
		E563843B207CB8DD00ED5400 /* Base */ = {isa = PBXFileReference; lastKnownFileType = file.storyboard; name = Base; path = Base.lproj/LaunchScreen.storyboard; sourceTree = "<group>"; };
		E563843D207CB8DD00ED5400 /* Info.plist */ = {isa = PBXFileReference; lastKnownFileType = text.plist.xml; path = Info.plist; sourceTree = "<group>"; };
		E5638442207CB8DD00ED5400 /* RxDMXMLYTests.xctest */ = {isa = PBXFileReference; explicitFileType = wrapper.cfbundle; includeInIndex = 0; path = RxDMXMLYTests.xctest; sourceTree = BUILT_PRODUCTS_DIR; };
		E5638446207CB8DD00ED5400 /* RxDMXMLYTests.swift */ = {isa = PBXFileReference; lastKnownFileType = sourcecode.swift; path = RxDMXMLYTests.swift; sourceTree = "<group>"; };
		E5638448207CB8DD00ED5400 /* Info.plist */ = {isa = PBXFileReference; lastKnownFileType = text.plist.xml; path = Info.plist; sourceTree = "<group>"; };
		E563844D207CB8DD00ED5400 /* RxDMXMLYUITests.xctest */ = {isa = PBXFileReference; explicitFileType = wrapper.cfbundle; includeInIndex = 0; path = RxDMXMLYUITests.xctest; sourceTree = BUILT_PRODUCTS_DIR; };
		E5638451207CB8DD00ED5400 /* RxDMXMLYUITests.swift */ = {isa = PBXFileReference; lastKnownFileType = sourcecode.swift; path = RxDMXMLYUITests.swift; sourceTree = "<group>"; };
		E5638453207CB8DD00ED5400 /* Info.plist */ = {isa = PBXFileReference; lastKnownFileType = text.plist.xml; path = Info.plist; sourceTree = "<group>"; };
		E563847B207CC54D00ED5400 /* SZMainTabBarController.swift */ = {isa = PBXFileReference; lastKnownFileType = sourcecode.swift; path = SZMainTabBarController.swift; sourceTree = "<group>"; };
		E563847D207CC60800ED5400 /* SZTabBarPlayView.swift */ = {isa = PBXFileReference; lastKnownFileType = sourcecode.swift; path = SZTabBarPlayView.swift; sourceTree = "<group>"; };
		E5638480207CD13500ED5400 /* Common.swift */ = {isa = PBXFileReference; lastKnownFileType = sourcecode.swift; path = Common.swift; sourceTree = "<group>"; };
		E5638483207CD62E00ED5400 /* UIColor+HexColor.swift */ = {isa = PBXFileReference; lastKnownFileType = sourcecode.swift; path = "UIColor+HexColor.swift"; sourceTree = "<group>"; };
		E5638485207CDFD000ED5400 /* SZNavigationController.swift */ = {isa = PBXFileReference; lastKnownFileType = sourcecode.swift; path = SZNavigationController.swift; sourceTree = "<group>"; };
		E563848C207CE13400ED5400 /* UIImage+Color.swift */ = {isa = PBXFileReference; lastKnownFileType = sourcecode.swift; path = "UIImage+Color.swift"; sourceTree = "<group>"; };
		E5638490207CE42F00ED5400 /* SZBaseViewController.swift */ = {isa = PBXFileReference; lastKnownFileType = sourcecode.swift; path = SZBaseViewController.swift; sourceTree = "<group>"; };
/* End PBXFileReference section */

/* Begin PBXFrameworksBuildPhase section */
		E563842B207CB8D400ED5400 /* Frameworks */ = {
			isa = PBXFrameworksBuildPhase;
			buildActionMask = 2147483647;
			files = (
				0AC1DF28EAF4D1EE5569E403 /* Pods_RxDMXMLY.framework in Frameworks */,
			);
			runOnlyForDeploymentPostprocessing = 0;
		};
		E563843F207CB8DD00ED5400 /* Frameworks */ = {
			isa = PBXFrameworksBuildPhase;
			buildActionMask = 2147483647;
			files = (
				02C296433719531E3F2B605D /* Pods_RxDMXMLYTests.framework in Frameworks */,
			);
			runOnlyForDeploymentPostprocessing = 0;
		};
		E563844A207CB8DD00ED5400 /* Frameworks */ = {
			isa = PBXFrameworksBuildPhase;
			buildActionMask = 2147483647;
			files = (
				00A026624407870C4DE2D2F8 /* Pods_RxDMXMLYUITests.framework in Frameworks */,
			);
			runOnlyForDeploymentPostprocessing = 0;
		};
/* End PBXFrameworksBuildPhase section */

/* Begin PBXGroup section */
		22693D2680654E1418713D7E /* Pods */ = {
			isa = PBXGroup;
			children = (
				0781F42DD6FA3E9100F98DB7 /* Pods-RxDMXMLY.debug.xcconfig */,
				398F8FFEDECCD3F70D7F4045 /* Pods-RxDMXMLY.release.xcconfig */,
				CD1D9F31D4BC301C3A1BD3F8 /* Pods-RxDMXMLYTests.debug.xcconfig */,
				A5FBE0AB26CFE45C6DA8C680 /* Pods-RxDMXMLYTests.release.xcconfig */,
				1A6B628C4C30E39F6CDA6E48 /* Pods-RxDMXMLYUITests.debug.xcconfig */,
				DB6DA87D1B9BAD741C9EB43B /* Pods-RxDMXMLYUITests.release.xcconfig */,
			);
			name = Pods;
			sourceTree = "<group>";
		};
		6241948B56D003CF9D12A8F5 /* Frameworks */ = {
			isa = PBXGroup;
			children = (
				9AEC689B1935CA1D5CA78B77 /* Pods_RxDMXMLY.framework */,
				2666653010720F1EF3B3F164 /* Pods_RxDMXMLYTests.framework */,
				688239A76DC961C3B63755C4 /* Pods_RxDMXMLYUITests.framework */,
			);
			name = Frameworks;
			sourceTree = "<group>";
		};
		E5638425207CB8D400ED5400 = {
			isa = PBXGroup;
			children = (
				E5638430207CB8D400ED5400 /* RxDMXMLY */,
				E5638445207CB8DD00ED5400 /* RxDMXMLYTests */,
				E5638450207CB8DD00ED5400 /* RxDMXMLYUITests */,
				E563842F207CB8D400ED5400 /* Products */,
				22693D2680654E1418713D7E /* Pods */,
				6241948B56D003CF9D12A8F5 /* Frameworks */,
			);
			sourceTree = "<group>";
		};
		E563842F207CB8D400ED5400 /* Products */ = {
			isa = PBXGroup;
			children = (
				E563842E207CB8D400ED5400 /* RxDMXMLY.app */,
				E5638442207CB8DD00ED5400 /* RxDMXMLYTests.xctest */,
				E563844D207CB8DD00ED5400 /* RxDMXMLYUITests.xctest */,
			);
			name = Products;
			sourceTree = "<group>";
		};
		E5638430207CB8D400ED5400 /* RxDMXMLY */ = {
			isa = PBXGroup;
			children = (
				E563848F207CE40F00ED5400 /* Base */,
				E5638482207CD5B200ED5400 /* Extension */,
				E5638466207CBA6300ED5400 /* Main */,
				E5638462207CB92F00ED5400 /* 3thPart */,
				E5638461207CB92000ED5400 /* Manager */,
				E5638460207CB90800ED5400 /* Utils */,
				E563847F207CD0C100ED5400 /* Common */,
				E5638438207CB8DD00ED5400 /* Assets.xcassets */,
				E563843A207CB8DD00ED5400 /* LaunchScreen.storyboard */,
				E563843D207CB8DD00ED5400 /* Info.plist */,
			);
			path = RxDMXMLY;
			sourceTree = "<group>";
		};
		E5638445207CB8DD00ED5400 /* RxDMXMLYTests */ = {
			isa = PBXGroup;
			children = (
				E5638446207CB8DD00ED5400 /* RxDMXMLYTests.swift */,
				E5638448207CB8DD00ED5400 /* Info.plist */,
			);
			path = RxDMXMLYTests;
			sourceTree = "<group>";
		};
		E5638450207CB8DD00ED5400 /* RxDMXMLYUITests */ = {
			isa = PBXGroup;
			children = (
				E5638451207CB8DD00ED5400 /* RxDMXMLYUITests.swift */,
				E5638453207CB8DD00ED5400 /* Info.plist */,
			);
			path = RxDMXMLYUITests;
			sourceTree = "<group>";
		};
		E5638460207CB90800ED5400 /* Utils */ = {
			isa = PBXGroup;
			children = (
			);
			path = Utils;
			sourceTree = "<group>";
		};
		E5638461207CB92000ED5400 /* Manager */ = {
			isa = PBXGroup;
			children = (
			);
			path = Manager;
			sourceTree = "<group>";
		};
		E5638462207CB92F00ED5400 /* 3thPart */ = {
			isa = PBXGroup;
			children = (
			);
			path = 3thPart;
			sourceTree = "<group>";
		};
		E5638466207CBA6300ED5400 /* Main */ = {
			isa = PBXGroup;
			children = (
				E5638467207CBA6300ED5400 /* Find */,
				E563846B207CBA6300ED5400 /* Headr */,
				E563846F207CBA6300ED5400 /* Home */,
				E5638473207CBA6300ED5400 /* Mine */,
				E5638477207CBA6300ED5400 /* Play */,
				E563847B207CC54D00ED5400 /* SZMainTabBarController.swift */,
				E5638485207CDFD000ED5400 /* SZNavigationController.swift */,
			);
			path = Main;
			sourceTree = "<group>";
		};
		E5638467207CBA6300ED5400 /* Find */ = {
			isa = PBXGroup;
			children = (
				E5638468207CBA6300ED5400 /* Controller */,
				E5638469207CBA6300ED5400 /* Model */,
				E563846A207CBA6300ED5400 /* View */,
			);
			path = Find;
			sourceTree = "<group>";
		};
		E5638468207CBA6300ED5400 /* Controller */ = {
			isa = PBXGroup;
			children = (
			);
			path = Controller;
			sourceTree = "<group>";
		};
		E5638469207CBA6300ED5400 /* Model */ = {
			isa = PBXGroup;
			children = (
			);
			path = Model;
			sourceTree = "<group>";
		};
		E563846A207CBA6300ED5400 /* View */ = {
			isa = PBXGroup;
			children = (
			);
			path = View;
			sourceTree = "<group>";
		};
		E563846B207CBA6300ED5400 /* Headr */ = {
			isa = PBXGroup;
			children = (
				E563846C207CBA6300ED5400 /* Controller */,
				E563846D207CBA6300ED5400 /* Model */,
				E563846E207CBA6300ED5400 /* View */,
			);
			path = Headr;
			sourceTree = "<group>";
		};
		E563846C207CBA6300ED5400 /* Controller */ = {
			isa = PBXGroup;
			children = (
			);
			path = Controller;
			sourceTree = "<group>";
		};
		E563846D207CBA6300ED5400 /* Model */ = {
			isa = PBXGroup;
			children = (
			);
			path = Model;
			sourceTree = "<group>";
		};
		E563846E207CBA6300ED5400 /* View */ = {
			isa = PBXGroup;
			children = (
			);
			path = View;
			sourceTree = "<group>";
		};
		E563846F207CBA6300ED5400 /* Home */ = {
			isa = PBXGroup;
			children = (
				E5638470207CBA6300ED5400 /* Controller */,
				E5638471207CBA6300ED5400 /* Model */,
				E5638472207CBA6300ED5400 /* View */,
			);
			path = Home;
			sourceTree = "<group>";
		};
		E5638470207CBA6300ED5400 /* Controller */ = {
			isa = PBXGroup;
			children = (
			);
			path = Controller;
			sourceTree = "<group>";
		};
		E5638471207CBA6300ED5400 /* Model */ = {
			isa = PBXGroup;
			children = (
			);
			path = Model;
			sourceTree = "<group>";
		};
		E5638472207CBA6300ED5400 /* View */ = {
			isa = PBXGroup;
			children = (
			);
			path = View;
			sourceTree = "<group>";
		};
		E5638473207CBA6300ED5400 /* Mine */ = {
			isa = PBXGroup;
			children = (
				E5638474207CBA6300ED5400 /* Controller */,
				E5638475207CBA6300ED5400 /* Model */,
				E5638476207CBA6300ED5400 /* View */,
			);
			path = Mine;
			sourceTree = "<group>";
		};
		E5638474207CBA6300ED5400 /* Controller */ = {
			isa = PBXGroup;
			children = (
			);
			path = Controller;
			sourceTree = "<group>";
		};
		E5638475207CBA6300ED5400 /* Model */ = {
			isa = PBXGroup;
			children = (
			);
			path = Model;
			sourceTree = "<group>";
		};
		E5638476207CBA6300ED5400 /* View */ = {
			isa = PBXGroup;
			children = (
			);
			path = View;
			sourceTree = "<group>";
		};
		E5638477207CBA6300ED5400 /* Play */ = {
			isa = PBXGroup;
			children = (
				E5638478207CBA6300ED5400 /* Controller */,
				E5638479207CBA6300ED5400 /* Model */,
				E563847A207CBA6300ED5400 /* View */,
			);
			path = Play;
			sourceTree = "<group>";
		};
		E5638478207CBA6300ED5400 /* Controller */ = {
			isa = PBXGroup;
			children = (
			);
			path = Controller;
			sourceTree = "<group>";
		};
		E5638479207CBA6300ED5400 /* Model */ = {
			isa = PBXGroup;
			children = (
			);
			path = Model;
			sourceTree = "<group>";
		};
		E563847A207CBA6300ED5400 /* View */ = {
			isa = PBXGroup;
			children = (
				E563847D207CC60800ED5400 /* SZTabBarPlayView.swift */,
			);
			path = View;
			sourceTree = "<group>";
		};
		E563847F207CD0C100ED5400 /* Common */ = {
			isa = PBXGroup;
			children = (
				E5638480207CD13500ED5400 /* Common.swift */,
			);
			path = Common;
			sourceTree = "<group>";
		};
		E5638482207CD5B200ED5400 /* Extension */ = {
			isa = PBXGroup;
			children = (
				E5638483207CD62E00ED5400 /* UIColor+HexColor.swift */,
				E563848C207CE13400ED5400 /* UIImage+Color.swift */,
			);
			path = Extension;
			sourceTree = "<group>";
		};
		E563848F207CE40F00ED5400 /* Base */ = {
			isa = PBXGroup;
			children = (
				E5638490207CE42F00ED5400 /* SZBaseViewController.swift */,
				E5638431207CB8D400ED5400 /* AppDelegate.swift */,
			);
			path = Base;
			sourceTree = "<group>";
		};
/* End PBXGroup section */

/* Begin PBXNativeTarget section */
		E563842D207CB8D400ED5400 /* RxDMXMLY */ = {
			isa = PBXNativeTarget;
			buildConfigurationList = E5638456207CB8DD00ED5400 /* Build configuration list for PBXNativeTarget "RxDMXMLY" */;
			buildPhases = (
				3EF7E0FCC6B9063C393AE8F9 /* [CP] Check Pods Manifest.lock */,
				E563842A207CB8D400ED5400 /* Sources */,
				E563842B207CB8D400ED5400 /* Frameworks */,
				E563842C207CB8D400ED5400 /* Resources */,
				B7735AA72FAC6399ACD12330 /* [CP] Embed Pods Frameworks */,
			);
			buildRules = (
			);
			dependencies = (
			);
			name = RxDMXMLY;
			productName = RxDMXMLY;
			productReference = E563842E207CB8D400ED5400 /* RxDMXMLY.app */;
			productType = "com.apple.product-type.application";
		};
		E5638441207CB8DD00ED5400 /* RxDMXMLYTests */ = {
			isa = PBXNativeTarget;
			buildConfigurationList = E5638459207CB8DD00ED5400 /* Build configuration list for PBXNativeTarget "RxDMXMLYTests" */;
			buildPhases = (
				CE026414FB7109B05235AB69 /* [CP] Check Pods Manifest.lock */,
				E563843E207CB8DD00ED5400 /* Sources */,
				E563843F207CB8DD00ED5400 /* Frameworks */,
				E5638440207CB8DD00ED5400 /* Resources */,
			);
			buildRules = (
			);
			dependencies = (
				E5638444207CB8DD00ED5400 /* PBXTargetDependency */,
			);
			name = RxDMXMLYTests;
			productName = RxDMXMLYTests;
			productReference = E5638442207CB8DD00ED5400 /* RxDMXMLYTests.xctest */;
			productType = "com.apple.product-type.bundle.unit-test";
		};
		E563844C207CB8DD00ED5400 /* RxDMXMLYUITests */ = {
			isa = PBXNativeTarget;
			buildConfigurationList = E563845C207CB8DD00ED5400 /* Build configuration list for PBXNativeTarget "RxDMXMLYUITests" */;
			buildPhases = (
				ACF7626B76798E44FF30D245 /* [CP] Check Pods Manifest.lock */,
				E5638449207CB8DD00ED5400 /* Sources */,
				E563844A207CB8DD00ED5400 /* Frameworks */,
				E563844B207CB8DD00ED5400 /* Resources */,
			);
			buildRules = (
			);
			dependencies = (
				E563844F207CB8DD00ED5400 /* PBXTargetDependency */,
			);
			name = RxDMXMLYUITests;
			productName = RxDMXMLYUITests;
			productReference = E563844D207CB8DD00ED5400 /* RxDMXMLYUITests.xctest */;
			productType = "com.apple.product-type.bundle.ui-testing";
		};
/* End PBXNativeTarget section */

/* Begin PBXProject section */
		E5638426207CB8D400ED5400 /* Project object */ = {
			isa = PBXProject;
			attributes = {
				LastSwiftUpdateCheck = 0930;
				LastUpgradeCheck = 0930;
				ORGANIZATIONNAME = Sidney;
				TargetAttributes = {
					E563842D207CB8D400ED5400 = {
						CreatedOnToolsVersion = 9.3;
						LastSwiftMigration = 0930;
					};
					E5638441207CB8DD00ED5400 = {
						CreatedOnToolsVersion = 9.3;
						TestTargetID = E563842D207CB8D400ED5400;
					};
					E563844C207CB8DD00ED5400 = {
						CreatedOnToolsVersion = 9.3;
						TestTargetID = E563842D207CB8D400ED5400;
					};
				};
			};
			buildConfigurationList = E5638429207CB8D400ED5400 /* Build configuration list for PBXProject "RxDMXMLY" */;
			compatibilityVersion = "Xcode 9.3";
			developmentRegion = en;
			hasScannedForEncodings = 0;
			knownRegions = (
				en,
				Base,
			);
			mainGroup = E5638425207CB8D400ED5400;
			productRefGroup = E563842F207CB8D400ED5400 /* Products */;
			projectDirPath = "";
			projectRoot = "";
			targets = (
				E563842D207CB8D400ED5400 /* RxDMXMLY */,
				E5638441207CB8DD00ED5400 /* RxDMXMLYTests */,
				E563844C207CB8DD00ED5400 /* RxDMXMLYUITests */,
			);
		};
/* End PBXProject section */

/* Begin PBXResourcesBuildPhase section */
		E563842C207CB8D400ED5400 /* Resources */ = {
			isa = PBXResourcesBuildPhase;
			buildActionMask = 2147483647;
			files = (
				E563843C207CB8DD00ED5400 /* LaunchScreen.storyboard in Resources */,
				E5638439207CB8DD00ED5400 /* Assets.xcassets in Resources */,
			);
			runOnlyForDeploymentPostprocessing = 0;
		};
		E5638440207CB8DD00ED5400 /* Resources */ = {
			isa = PBXResourcesBuildPhase;
			buildActionMask = 2147483647;
			files = (
			);
			runOnlyForDeploymentPostprocessing = 0;
		};
		E563844B207CB8DD00ED5400 /* Resources */ = {
			isa = PBXResourcesBuildPhase;
			buildActionMask = 2147483647;
			files = (
			);
			runOnlyForDeploymentPostprocessing = 0;
		};
/* End PBXResourcesBuildPhase section */

/* Begin PBXShellScriptBuildPhase section */
		3EF7E0FCC6B9063C393AE8F9 /* [CP] Check Pods Manifest.lock */ = {
			isa = PBXShellScriptBuildPhase;
			buildActionMask = 2147483647;
			files = (
			);
			inputPaths = (
				"${PODS_PODFILE_DIR_PATH}/Podfile.lock",
				"${PODS_ROOT}/Manifest.lock",
			);
			name = "[CP] Check Pods Manifest.lock";
			outputPaths = (
				"$(DERIVED_FILE_DIR)/Pods-RxDMXMLY-checkManifestLockResult.txt",
			);
			runOnlyForDeploymentPostprocessing = 0;
			shellPath = /bin/sh;
			shellScript = "diff \"${PODS_PODFILE_DIR_PATH}/Podfile.lock\" \"${PODS_ROOT}/Manifest.lock\" > /dev/null\nif [ $? != 0 ] ; then\n    # print error to STDERR\n    echo \"error: The sandbox is not in sync with the Podfile.lock. Run 'pod install' or update your CocoaPods installation.\" >&2\n    exit 1\nfi\n# This output is used by Xcode 'outputs' to avoid re-running this script phase.\necho \"SUCCESS\" > \"${SCRIPT_OUTPUT_FILE_0}\"\n";
			showEnvVarsInLog = 0;
		};
		ACF7626B76798E44FF30D245 /* [CP] Check Pods Manifest.lock */ = {
			isa = PBXShellScriptBuildPhase;
			buildActionMask = 2147483647;
			files = (
			);
			inputPaths = (
				"${PODS_PODFILE_DIR_PATH}/Podfile.lock",
				"${PODS_ROOT}/Manifest.lock",
			);
			name = "[CP] Check Pods Manifest.lock";
			outputPaths = (
				"$(DERIVED_FILE_DIR)/Pods-RxDMXMLYUITests-checkManifestLockResult.txt",
			);
			runOnlyForDeploymentPostprocessing = 0;
			shellPath = /bin/sh;
			shellScript = "diff \"${PODS_PODFILE_DIR_PATH}/Podfile.lock\" \"${PODS_ROOT}/Manifest.lock\" > /dev/null\nif [ $? != 0 ] ; then\n    # print error to STDERR\n    echo \"error: The sandbox is not in sync with the Podfile.lock. Run 'pod install' or update your CocoaPods installation.\" >&2\n    exit 1\nfi\n# This output is used by Xcode 'outputs' to avoid re-running this script phase.\necho \"SUCCESS\" > \"${SCRIPT_OUTPUT_FILE_0}\"\n";
			showEnvVarsInLog = 0;
		};
		B7735AA72FAC6399ACD12330 /* [CP] Embed Pods Frameworks */ = {
			isa = PBXShellScriptBuildPhase;
			buildActionMask = 2147483647;
			files = (
			);
			inputPaths = (
				"${SRCROOT}/Pods/Target Support Files/Pods-RxDMXMLY/Pods-RxDMXMLY-frameworks.sh",
				"${BUILT_PRODUCTS_DIR}/Alamofire/Alamofire.framework",
				"${BUILT_PRODUCTS_DIR}/Differentiator/Differentiator.framework",
				"${BUILT_PRODUCTS_DIR}/IQKeyboardManagerSwift/IQKeyboardManagerSwift.framework",
				"${BUILT_PRODUCTS_DIR}/Kingfisher/Kingfisher.framework",
				"${BUILT_PRODUCTS_DIR}/MJRefresh/MJRefresh.framework",
				"${BUILT_PRODUCTS_DIR}/Moya/Moya.framework",
				"${BUILT_PRODUCTS_DIR}/NSObject+Rx/NSObject_Rx.framework",
				"${BUILT_PRODUCTS_DIR}/ObjectMapper/ObjectMapper.framework",
				"${BUILT_PRODUCTS_DIR}/ReactorKit/ReactorKit.framework",
				"${BUILT_PRODUCTS_DIR}/Result/Result.framework",
				"${BUILT_PRODUCTS_DIR}/ReusableKit/ReusableKit.framework",
				"${BUILT_PRODUCTS_DIR}/RxAlamofire/RxAlamofire.framework",
				"${BUILT_PRODUCTS_DIR}/RxCocoa/RxCocoa.framework",
				"${BUILT_PRODUCTS_DIR}/RxDataSources/RxDataSources.framework",
				"${BUILT_PRODUCTS_DIR}/RxGesture/RxGesture.framework",
				"${BUILT_PRODUCTS_DIR}/RxSwift/RxSwift.framework",
				"${BUILT_PRODUCTS_DIR}/SnapKit/SnapKit.framework",
				"${BUILT_PRODUCTS_DIR}/SwiftyColor/SwiftyColor.framework",
				"${BUILT_PRODUCTS_DIR}/SwiftyJSON/SwiftyJSON.framework",
				"${BUILT_PRODUCTS_DIR}/TTRangeSlider/TTRangeSlider.framework",
				"${BUILT_PRODUCTS_DIR}/TYCyclePagerView/TYCyclePagerView.framework",
				"${BUILT_PRODUCTS_DIR}/TYPagerController/TYPagerController.framework",
				"${BUILT_PRODUCTS_DIR}/Then/Then.framework",
				"${BUILT_PRODUCTS_DIR}/URLNavigator/URLNavigator.framework",
			);
			name = "[CP] Embed Pods Frameworks";
			outputPaths = (
				"${TARGET_BUILD_DIR}/${FRAMEWORKS_FOLDER_PATH}/Alamofire.framework",
				"${TARGET_BUILD_DIR}/${FRAMEWORKS_FOLDER_PATH}/Differentiator.framework",
				"${TARGET_BUILD_DIR}/${FRAMEWORKS_FOLDER_PATH}/IQKeyboardManagerSwift.framework",
				"${TARGET_BUILD_DIR}/${FRAMEWORKS_FOLDER_PATH}/Kingfisher.framework",
				"${TARGET_BUILD_DIR}/${FRAMEWORKS_FOLDER_PATH}/MJRefresh.framework",
				"${TARGET_BUILD_DIR}/${FRAMEWORKS_FOLDER_PATH}/Moya.framework",
				"${TARGET_BUILD_DIR}/${FRAMEWORKS_FOLDER_PATH}/NSObject_Rx.framework",
				"${TARGET_BUILD_DIR}/${FRAMEWORKS_FOLDER_PATH}/ObjectMapper.framework",
				"${TARGET_BUILD_DIR}/${FRAMEWORKS_FOLDER_PATH}/ReactorKit.framework",
				"${TARGET_BUILD_DIR}/${FRAMEWORKS_FOLDER_PATH}/Result.framework",
				"${TARGET_BUILD_DIR}/${FRAMEWORKS_FOLDER_PATH}/ReusableKit.framework",
				"${TARGET_BUILD_DIR}/${FRAMEWORKS_FOLDER_PATH}/RxAlamofire.framework",
				"${TARGET_BUILD_DIR}/${FRAMEWORKS_FOLDER_PATH}/RxCocoa.framework",
				"${TARGET_BUILD_DIR}/${FRAMEWORKS_FOLDER_PATH}/RxDataSources.framework",
				"${TARGET_BUILD_DIR}/${FRAMEWORKS_FOLDER_PATH}/RxGesture.framework",
				"${TARGET_BUILD_DIR}/${FRAMEWORKS_FOLDER_PATH}/RxSwift.framework",
				"${TARGET_BUILD_DIR}/${FRAMEWORKS_FOLDER_PATH}/SnapKit.framework",
				"${TARGET_BUILD_DIR}/${FRAMEWORKS_FOLDER_PATH}/SwiftyColor.framework",
				"${TARGET_BUILD_DIR}/${FRAMEWORKS_FOLDER_PATH}/SwiftyJSON.framework",
				"${TARGET_BUILD_DIR}/${FRAMEWORKS_FOLDER_PATH}/TTRangeSlider.framework",
				"${TARGET_BUILD_DIR}/${FRAMEWORKS_FOLDER_PATH}/TYCyclePagerView.framework",
				"${TARGET_BUILD_DIR}/${FRAMEWORKS_FOLDER_PATH}/TYPagerController.framework",
				"${TARGET_BUILD_DIR}/${FRAMEWORKS_FOLDER_PATH}/Then.framework",
				"${TARGET_BUILD_DIR}/${FRAMEWORKS_FOLDER_PATH}/URLNavigator.framework",
			);
			runOnlyForDeploymentPostprocessing = 0;
			shellPath = /bin/sh;
			shellScript = "\"${SRCROOT}/Pods/Target Support Files/Pods-RxDMXMLY/Pods-RxDMXMLY-frameworks.sh\"\n";
			showEnvVarsInLog = 0;
		};
		CE026414FB7109B05235AB69 /* [CP] Check Pods Manifest.lock */ = {
			isa = PBXShellScriptBuildPhase;
			buildActionMask = 2147483647;
			files = (
			);
			inputPaths = (
				"${PODS_PODFILE_DIR_PATH}/Podfile.lock",
				"${PODS_ROOT}/Manifest.lock",
			);
			name = "[CP] Check Pods Manifest.lock";
			outputPaths = (
				"$(DERIVED_FILE_DIR)/Pods-RxDMXMLYTests-checkManifestLockResult.txt",
			);
			runOnlyForDeploymentPostprocessing = 0;
			shellPath = /bin/sh;
			shellScript = "diff \"${PODS_PODFILE_DIR_PATH}/Podfile.lock\" \"${PODS_ROOT}/Manifest.lock\" > /dev/null\nif [ $? != 0 ] ; then\n    # print error to STDERR\n    echo \"error: The sandbox is not in sync with the Podfile.lock. Run 'pod install' or update your CocoaPods installation.\" >&2\n    exit 1\nfi\n# This output is used by Xcode 'outputs' to avoid re-running this script phase.\necho \"SUCCESS\" > \"${SCRIPT_OUTPUT_FILE_0}\"\n";
			showEnvVarsInLog = 0;
		};
/* End PBXShellScriptBuildPhase section */

/* Begin PBXSourcesBuildPhase section */
		E563842A207CB8D400ED5400 /* Sources */ = {
			isa = PBXSourcesBuildPhase;
			buildActionMask = 2147483647;
			files = (
				E5638481207CD13500ED5400 /* Common.swift in Sources */,
				E563847E207CC60800ED5400 /* SZTabBarPlayView.swift in Sources */,
				E5638432207CB8D400ED5400 /* AppDelegate.swift in Sources */,
				E5638484207CD62E00ED5400 /* UIColor+HexColor.swift in Sources */,
				E5638491207CE42F00ED5400 /* SZBaseViewController.swift in Sources */,
				E5638486207CDFD000ED5400 /* SZNavigationController.swift in Sources */,
				E563848D207CE13400ED5400 /* UIImage+Color.swift in Sources */,
				E563847C207CC54D00ED5400 /* SZMainTabBarController.swift in Sources */,
			);
			runOnlyForDeploymentPostprocessing = 0;
		};
		E563843E207CB8DD00ED5400 /* Sources */ = {
			isa = PBXSourcesBuildPhase;
			buildActionMask = 2147483647;
			files = (
				E5638447207CB8DD00ED5400 /* RxDMXMLYTests.swift in Sources */,
			);
			runOnlyForDeploymentPostprocessing = 0;
		};
		E5638449207CB8DD00ED5400 /* Sources */ = {
			isa = PBXSourcesBuildPhase;
			buildActionMask = 2147483647;
			files = (
				E5638452207CB8DD00ED5400 /* RxDMXMLYUITests.swift in Sources */,
			);
			runOnlyForDeploymentPostprocessing = 0;
		};
/* End PBXSourcesBuildPhase section */

/* Begin PBXTargetDependency section */
		E5638444207CB8DD00ED5400 /* PBXTargetDependency */ = {
			isa = PBXTargetDependency;
			target = E563842D207CB8D400ED5400 /* RxDMXMLY */;
			targetProxy = E5638443207CB8DD00ED5400 /* PBXContainerItemProxy */;
		};
		E563844F207CB8DD00ED5400 /* PBXTargetDependency */ = {
			isa = PBXTargetDependency;
			target = E563842D207CB8D400ED5400 /* RxDMXMLY */;
			targetProxy = E563844E207CB8DD00ED5400 /* PBXContainerItemProxy */;
		};
/* End PBXTargetDependency section */

/* Begin PBXVariantGroup section */
		E563843A207CB8DD00ED5400 /* LaunchScreen.storyboard */ = {
			isa = PBXVariantGroup;
			children = (
				E563843B207CB8DD00ED5400 /* Base */,
			);
			name = LaunchScreen.storyboard;
			sourceTree = "<group>";
		};
/* End PBXVariantGroup section */

/* Begin XCBuildConfiguration section */
		E5638454207CB8DD00ED5400 /* Debug */ = {
			isa = XCBuildConfiguration;
			buildSettings = {
				ALWAYS_SEARCH_USER_PATHS = NO;
				CLANG_ANALYZER_NONNULL = YES;
				CLANG_ANALYZER_NUMBER_OBJECT_CONVERSION = YES_AGGRESSIVE;
				CLANG_CXX_LANGUAGE_STANDARD = "gnu++14";
				CLANG_CXX_LIBRARY = "libc++";
				CLANG_ENABLE_MODULES = YES;
				CLANG_ENABLE_OBJC_ARC = YES;
				CLANG_ENABLE_OBJC_WEAK = YES;
				CLANG_WARN_BLOCK_CAPTURE_AUTORELEASING = YES;
				CLANG_WARN_BOOL_CONVERSION = YES;
				CLANG_WARN_COMMA = YES;
				CLANG_WARN_CONSTANT_CONVERSION = YES;
				CLANG_WARN_DEPRECATED_OBJC_IMPLEMENTATIONS = YES;
				CLANG_WARN_DIRECT_OBJC_ISA_USAGE = YES_ERROR;
				CLANG_WARN_DOCUMENTATION_COMMENTS = YES;
				CLANG_WARN_EMPTY_BODY = YES;
				CLANG_WARN_ENUM_CONVERSION = YES;
				CLANG_WARN_INFINITE_RECURSION = YES;
				CLANG_WARN_INT_CONVERSION = YES;
				CLANG_WARN_NON_LITERAL_NULL_CONVERSION = YES;
				CLANG_WARN_OBJC_IMPLICIT_RETAIN_SELF = YES;
				CLANG_WARN_OBJC_LITERAL_CONVERSION = YES;
				CLANG_WARN_OBJC_ROOT_CLASS = YES_ERROR;
				CLANG_WARN_RANGE_LOOP_ANALYSIS = YES;
				CLANG_WARN_STRICT_PROTOTYPES = YES;
				CLANG_WARN_SUSPICIOUS_MOVE = YES;
				CLANG_WARN_UNGUARDED_AVAILABILITY = YES_AGGRESSIVE;
				CLANG_WARN_UNREACHABLE_CODE = YES;
				CLANG_WARN__DUPLICATE_METHOD_MATCH = YES;
				CODE_SIGN_IDENTITY = "iPhone Developer";
				COPY_PHASE_STRIP = NO;
				DEBUG_INFORMATION_FORMAT = dwarf;
				ENABLE_STRICT_OBJC_MSGSEND = YES;
				ENABLE_TESTABILITY = YES;
				GCC_C_LANGUAGE_STANDARD = gnu11;
				GCC_DYNAMIC_NO_PIC = NO;
				GCC_NO_COMMON_BLOCKS = YES;
				GCC_OPTIMIZATION_LEVEL = 0;
				GCC_PREPROCESSOR_DEFINITIONS = (
					"DEBUG=1",
					"$(inherited)",
				);
				GCC_WARN_64_TO_32_BIT_CONVERSION = YES;
				GCC_WARN_ABOUT_RETURN_TYPE = YES_ERROR;
				GCC_WARN_UNDECLARED_SELECTOR = YES;
				GCC_WARN_UNINITIALIZED_AUTOS = YES_AGGRESSIVE;
				GCC_WARN_UNUSED_FUNCTION = YES;
				GCC_WARN_UNUSED_VARIABLE = YES;
				IPHONEOS_DEPLOYMENT_TARGET = 11.3;
				MTL_ENABLE_DEBUG_INFO = YES;
				ONLY_ACTIVE_ARCH = YES;
				SDKROOT = iphoneos;
				SWIFT_ACTIVE_COMPILATION_CONDITIONS = DEBUG;
				SWIFT_OPTIMIZATION_LEVEL = "-Onone";
			};
			name = Debug;
		};
		E5638455207CB8DD00ED5400 /* Release */ = {
			isa = XCBuildConfiguration;
			buildSettings = {
				ALWAYS_SEARCH_USER_PATHS = NO;
				CLANG_ANALYZER_NONNULL = YES;
				CLANG_ANALYZER_NUMBER_OBJECT_CONVERSION = YES_AGGRESSIVE;
				CLANG_CXX_LANGUAGE_STANDARD = "gnu++14";
				CLANG_CXX_LIBRARY = "libc++";
				CLANG_ENABLE_MODULES = YES;
				CLANG_ENABLE_OBJC_ARC = YES;
				CLANG_ENABLE_OBJC_WEAK = YES;
				CLANG_WARN_BLOCK_CAPTURE_AUTORELEASING = YES;
				CLANG_WARN_BOOL_CONVERSION = YES;
				CLANG_WARN_COMMA = YES;
				CLANG_WARN_CONSTANT_CONVERSION = YES;
				CLANG_WARN_DEPRECATED_OBJC_IMPLEMENTATIONS = YES;
				CLANG_WARN_DIRECT_OBJC_ISA_USAGE = YES_ERROR;
				CLANG_WARN_DOCUMENTATION_COMMENTS = YES;
				CLANG_WARN_EMPTY_BODY = YES;
				CLANG_WARN_ENUM_CONVERSION = YES;
				CLANG_WARN_INFINITE_RECURSION = YES;
				CLANG_WARN_INT_CONVERSION = YES;
				CLANG_WARN_NON_LITERAL_NULL_CONVERSION = YES;
				CLANG_WARN_OBJC_IMPLICIT_RETAIN_SELF = YES;
				CLANG_WARN_OBJC_LITERAL_CONVERSION = YES;
				CLANG_WARN_OBJC_ROOT_CLASS = YES_ERROR;
				CLANG_WARN_RANGE_LOOP_ANALYSIS = YES;
				CLANG_WARN_STRICT_PROTOTYPES = YES;
				CLANG_WARN_SUSPICIOUS_MOVE = YES;
				CLANG_WARN_UNGUARDED_AVAILABILITY = YES_AGGRESSIVE;
				CLANG_WARN_UNREACHABLE_CODE = YES;
				CLANG_WARN__DUPLICATE_METHOD_MATCH = YES;
				CODE_SIGN_IDENTITY = "iPhone Developer";
				COPY_PHASE_STRIP = NO;
				DEBUG_INFORMATION_FORMAT = "dwarf-with-dsym";
				ENABLE_NS_ASSERTIONS = NO;
				ENABLE_STRICT_OBJC_MSGSEND = YES;
				GCC_C_LANGUAGE_STANDARD = gnu11;
				GCC_NO_COMMON_BLOCKS = YES;
				GCC_WARN_64_TO_32_BIT_CONVERSION = YES;
				GCC_WARN_ABOUT_RETURN_TYPE = YES_ERROR;
				GCC_WARN_UNDECLARED_SELECTOR = YES;
				GCC_WARN_UNINITIALIZED_AUTOS = YES_AGGRESSIVE;
				GCC_WARN_UNUSED_FUNCTION = YES;
				GCC_WARN_UNUSED_VARIABLE = YES;
				IPHONEOS_DEPLOYMENT_TARGET = 11.3;
				MTL_ENABLE_DEBUG_INFO = NO;
				SDKROOT = iphoneos;
				SWIFT_COMPILATION_MODE = wholemodule;
				SWIFT_OPTIMIZATION_LEVEL = "-O";
				VALIDATE_PRODUCT = YES;
			};
			name = Release;
		};
		E5638457207CB8DD00ED5400 /* Debug */ = {
			isa = XCBuildConfiguration;
			baseConfigurationReference = 0781F42DD6FA3E9100F98DB7 /* Pods-RxDMXMLY.debug.xcconfig */;
			buildSettings = {
				ASSETCATALOG_COMPILER_APPICON_NAME = AppIcon;
				CLANG_ENABLE_MODULES = YES;
				CODE_SIGN_STYLE = Automatic;
				DEVELOPMENT_TEAM = MP46YHL9C7;
				INFOPLIST_FILE = RxDMXMLY/Info.plist;
				IPHONEOS_DEPLOYMENT_TARGET = 8.0;
				LD_RUNPATH_SEARCH_PATHS = (
					"$(inherited)",
					"@executable_path/Frameworks",
				);
				PRODUCT_BUNDLE_IDENTIFIER = com.sidney.RxDMXMLY;
				PRODUCT_NAME = "$(TARGET_NAME)";
				SWIFT_OPTIMIZATION_LEVEL = "-Onone";
				SWIFT_VERSION = 4.0;
				TARGETED_DEVICE_FAMILY = 1;
			};
			name = Debug;
		};
		E5638458207CB8DD00ED5400 /* Release */ = {
			isa = XCBuildConfiguration;
			baseConfigurationReference = 398F8FFEDECCD3F70D7F4045 /* Pods-RxDMXMLY.release.xcconfig */;
			buildSettings = {
				ASSETCATALOG_COMPILER_APPICON_NAME = AppIcon;
				CLANG_ENABLE_MODULES = YES;
				CODE_SIGN_STYLE = Automatic;
				DEVELOPMENT_TEAM = MP46YHL9C7;
				INFOPLIST_FILE = RxDMXMLY/Info.plist;
				IPHONEOS_DEPLOYMENT_TARGET = 8.0;
				LD_RUNPATH_SEARCH_PATHS = (
					"$(inherited)",
					"@executable_path/Frameworks",
				);
				PRODUCT_BUNDLE_IDENTIFIER = com.sidney.RxDMXMLY;
				PRODUCT_NAME = "$(TARGET_NAME)";
				SWIFT_VERSION = 4.0;
				TARGETED_DEVICE_FAMILY = 1;
			};
			name = Release;
		};
		E563845A207CB8DD00ED5400 /* Debug */ = {
			isa = XCBuildConfiguration;
			baseConfigurationReference = CD1D9F31D4BC301C3A1BD3F8 /* Pods-RxDMXMLYTests.debug.xcconfig */;
			buildSettings = {
				ALWAYS_EMBED_SWIFT_STANDARD_LIBRARIES = YES;
				BUNDLE_LOADER = "$(TEST_HOST)";
				CODE_SIGN_STYLE = Automatic;
				DEVELOPMENT_TEAM = MP46YHL9C7;
				INFOPLIST_FILE = RxDMXMLYTests/Info.plist;
				LD_RUNPATH_SEARCH_PATHS = (
					"$(inherited)",
					"@executable_path/Frameworks",
					"@loader_path/Frameworks",
				);
				PRODUCT_BUNDLE_IDENTIFIER = com.sidney.RxDMXMLYTests;
				PRODUCT_NAME = "$(TARGET_NAME)";
				SWIFT_VERSION = 4.0;
				TARGETED_DEVICE_FAMILY = "1,2";
				TEST_HOST = "$(BUILT_PRODUCTS_DIR)/RxDMXMLY.app/RxDMXMLY";
			};
			name = Debug;
		};
		E563845B207CB8DD00ED5400 /* Release */ = {
			isa = XCBuildConfiguration;
			baseConfigurationReference = A5FBE0AB26CFE45C6DA8C680 /* Pods-RxDMXMLYTests.release.xcconfig */;
			buildSettings = {
				ALWAYS_EMBED_SWIFT_STANDARD_LIBRARIES = YES;
				BUNDLE_LOADER = "$(TEST_HOST)";
				CODE_SIGN_STYLE = Automatic;
				DEVELOPMENT_TEAM = MP46YHL9C7;
				INFOPLIST_FILE = RxDMXMLYTests/Info.plist;
				LD_RUNPATH_SEARCH_PATHS = (
					"$(inherited)",
					"@executable_path/Frameworks",
					"@loader_path/Frameworks",
				);
				PRODUCT_BUNDLE_IDENTIFIER = com.sidney.RxDMXMLYTests;
				PRODUCT_NAME = "$(TARGET_NAME)";
				SWIFT_VERSION = 4.0;
				TARGETED_DEVICE_FAMILY = "1,2";
				TEST_HOST = "$(BUILT_PRODUCTS_DIR)/RxDMXMLY.app/RxDMXMLY";
			};
			name = Release;
		};
		E563845D207CB8DD00ED5400 /* Debug */ = {
			isa = XCBuildConfiguration;
			baseConfigurationReference = 1A6B628C4C30E39F6CDA6E48 /* Pods-RxDMXMLYUITests.debug.xcconfig */;
			buildSettings = {
				ALWAYS_EMBED_SWIFT_STANDARD_LIBRARIES = YES;
				CODE_SIGN_STYLE = Automatic;
				DEVELOPMENT_TEAM = MP46YHL9C7;
				INFOPLIST_FILE = RxDMXMLYUITests/Info.plist;
				LD_RUNPATH_SEARCH_PATHS = (
					"$(inherited)",
					"@executable_path/Frameworks",
					"@loader_path/Frameworks",
				);
				PRODUCT_BUNDLE_IDENTIFIER = com.sidney.RxDMXMLYUITests;
				PRODUCT_NAME = "$(TARGET_NAME)";
				SWIFT_VERSION = 4.0;
				TARGETED_DEVICE_FAMILY = "1,2";
				TEST_TARGET_NAME = RxDMXMLY;
			};
			name = Debug;
		};
		E563845E207CB8DD00ED5400 /* Release */ = {
			isa = XCBuildConfiguration;
			baseConfigurationReference = DB6DA87D1B9BAD741C9EB43B /* Pods-RxDMXMLYUITests.release.xcconfig */;
			buildSettings = {
				ALWAYS_EMBED_SWIFT_STANDARD_LIBRARIES = YES;
				CODE_SIGN_STYLE = Automatic;
				DEVELOPMENT_TEAM = MP46YHL9C7;
				INFOPLIST_FILE = RxDMXMLYUITests/Info.plist;
				LD_RUNPATH_SEARCH_PATHS = (
					"$(inherited)",
					"@executable_path/Frameworks",
					"@loader_path/Frameworks",
				);
				PRODUCT_BUNDLE_IDENTIFIER = com.sidney.RxDMXMLYUITests;
				PRODUCT_NAME = "$(TARGET_NAME)";
				SWIFT_VERSION = 4.0;
				TARGETED_DEVICE_FAMILY = "1,2";
				TEST_TARGET_NAME = RxDMXMLY;
			};
			name = Release;
		};
/* End XCBuildConfiguration section */

/* Begin XCConfigurationList section */
		E5638429207CB8D400ED5400 /* Build configuration list for PBXProject "RxDMXMLY" */ = {
			isa = XCConfigurationList;
			buildConfigurations = (
				E5638454207CB8DD00ED5400 /* Debug */,
				E5638455207CB8DD00ED5400 /* Release */,
			);
			defaultConfigurationIsVisible = 0;
			defaultConfigurationName = Release;
		};
		E5638456207CB8DD00ED5400 /* Build configuration list for PBXNativeTarget "RxDMXMLY" */ = {
			isa = XCConfigurationList;
			buildConfigurations = (
				E5638457207CB8DD00ED5400 /* Debug */,
				E5638458207CB8DD00ED5400 /* Release */,
			);
			defaultConfigurationIsVisible = 0;
			defaultConfigurationName = Release;
		};
		E5638459207CB8DD00ED5400 /* Build configuration list for PBXNativeTarget "RxDMXMLYTests" */ = {
			isa = XCConfigurationList;
			buildConfigurations = (
				E563845A207CB8DD00ED5400 /* Debug */,
				E563845B207CB8DD00ED5400 /* Release */,
			);
			defaultConfigurationIsVisible = 0;
			defaultConfigurationName = Release;
		};
		E563845C207CB8DD00ED5400 /* Build configuration list for PBXNativeTarget "RxDMXMLYUITests" */ = {
			isa = XCConfigurationList;
			buildConfigurations = (
				E563845D207CB8DD00ED5400 /* Debug */,
				E563845E207CB8DD00ED5400 /* Release */,
			);
			defaultConfigurationIsVisible = 0;
			defaultConfigurationName = Release;
		};
/* End XCConfigurationList section */
	};
	rootObject = E5638426207CB8D400ED5400 /* Project object */;
}
